{
  "name": "functionnal",
  "version": "1.0.0",
  "lockfileVersion": 1,
  "requires": true,
  "dependencies": {
    "@playwright/test": {
      "version": "1.32.3",
      "resolved": "https://registry.npmjs.org/@playwright/test/-/test-1.32.3.tgz",
      "integrity": "sha512-BvWNvK0RfBriindxhLVabi8BRe3X0J9EVjKlcmhxjg4giWBD/xleLcg2dz7Tx0agu28rczjNIPQWznwzDwVsZQ==",
      "dev": true,
      "requires": {
        "@types/node": "*",
        "fsevents": "2.3.2",
        "playwright-core": "1.32.3"
      },
      "dependencies": {
        "playwright-core": {
          "version": "1.32.3",
          "resolved": "https://registry.npmjs.org/playwright-core/-/playwright-core-1.32.3.tgz",
          "integrity": "sha512-SB+cdrnu74ZIn5Ogh/8278ngEh9NEEV0vR4sJFmK04h2iZpybfbqBY0bX6+BLYWVdV12JLLI+JEFtSnYgR+mWg==",
          "dev": true
        }
      }
    },
    "@types/node": {
      "version": "18.15.11",
      "resolved": "https://registry.npmjs.org/@types/node/-/node-18.15.11.tgz",
      "integrity": "sha512-E5Kwq2n4SbMzQOn6wnmBjuK9ouqlURrcZDVfbo9ftDDTFt3nk7ZKK4GMOzoYgnpQJKcxwQw+lGaBvvlMo0qN/Q==",
      "dev": true
    },
    "fsevents": {
      "version": "2.3.2",
      "resolved": "https://registry.npmjs.org/fsevents/-/fsevents-2.3.2.tgz",
      "integrity": "sha512-xiqMQR4xAeHTuB9uWm+fFRcIOgKBMiOBP+eXiyT7jsgVCq1bkVygt00oASowB7EdtpOHaaPgKt812P9ab+DDKA==",
      "dev": true,
      "optional": true
    }
  }
}
